
Microsoft Visual Studio Solution File, Format Version 12.00
# Visual Studio Version 16
VisualStudioVersion = 16.0.30804.86
MinimumVisualStudioVersion = 10.0.40219.1
Project("{FAE04EC0-301F-11D3-BF4B-00C04F79EFBC}") = "TD2_Projet_Edouard_MAURICE", "TD2_Projet_Edouard_MAURICE\TD2_Projet_Edouard_MAURICE.csproj", "{6B2C33F5-E4C0-4DF8-B5A0-AE9F7DDFA067}"
EndProject
Global
	GlobalSection(SolutionConfigurationPlatforms) = preSolution
		Debug|Any CPU = Debug|Any CPU
		Release|Any CPU = Release|Any CPU
	EndGlobalSection
	GlobalSection(ProjectConfigurationPlatforms) = postSolution
		{6B2C33F5-E4C0-4DF8-B5A0-AE9F7DDFA067}.Debug|Any CPU.ActiveCfg = Debug|Any CPU
		{6B2C33F5-E4C0-4DF8-B5A0-AE9F7DDFA067}.Debug|Any CPU.Build.0 = Debug|Any CPU
		{6B2C33F5-E4C0-4DF8-B5A0-AE9F7DDFA067}.Release|Any CPU.ActiveCfg = Release|Any CPU
		{6B2C33F5-E4C0-4DF8-B5A0-AE9F7DDFA067}.Release|Any CPU.Build.0 = Release|Any CPU
	EndGlobalSection
	GlobalSection(SolutionProperties) = preSolution
		HideSolutionNode = FALSE
	EndGlobalSection
	GlobalSection(ExtensibilityGlobals) = postSolution
		SolutionGuid = {D3D2D5BD-533F-40F7-89D6-93CDC895A177}
	EndGlobalSection
EndGlobal
