
Microsoft Visual Studio Solution File, Format Version 12.00
# Visual Studio Version 16
VisualStudioVersion = 16.0.30907.101
MinimumVisualStudioVersion = 10.0.40219.1
Project("{FAE04EC0-301F-11D3-BF4B-00C04F79EFBC}") = "ImageViewerPSI", "ImageViewerPSI.csproj", "{F5F042DF-8FD0-46C7-9DE3-CF48E7DCC545}"
EndProject
Global
	GlobalSection(SolutionConfigurationPlatforms) = preSolution
		Debug|Any CPU = Debug|Any CPU
		Release|Any CPU = Release|Any CPU
	EndGlobalSection
	GlobalSection(ProjectConfigurationPlatforms) = postSolution
		{F5F042DF-8FD0-46C7-9DE3-CF48E7DCC545}.Debug|Any CPU.ActiveCfg = Debug|Any CPU
		{F5F042DF-8FD0-46C7-9DE3-CF48E7DCC545}.Debug|Any CPU.Build.0 = Debug|Any CPU
		{F5F042DF-8FD0-46C7-9DE3-CF48E7DCC545}.Release|Any CPU.ActiveCfg = Release|Any CPU
		{F5F042DF-8FD0-46C7-9DE3-CF48E7DCC545}.Release|Any CPU.Build.0 = Release|Any CPU
	EndGlobalSection
	GlobalSection(SolutionProperties) = preSolution
		HideSolutionNode = FALSE
	EndGlobalSection
	GlobalSection(ExtensibilityGlobals) = postSolution
		SolutionGuid = {001FC6D2-996F-405F-B29D-C79FC84E059A}
	EndGlobalSection
EndGlobal
